
Microsoft Visual Studio Solution File, Format Version 12.00
# Visual Studio Version 17
VisualStudioVersion = 17.9.34607.119
MinimumVisualStudioVersion = 10.0.40219.1
Project("{FAE04EC0-301F-11D3-BF4B-00C04F79EFBC}") = "WebApplication2", "WebApplication2\WebApplication2.csproj", "{B490E960-8B91-4813-B312-574013F38756}"
EndProject
Global
	GlobalSection(SolutionConfigurationPlatforms) = preSolution
		Debug|Any CPU = Debug|Any CPU
		Release|Any CPU = Release|Any CPU
	EndGlobalSection
	GlobalSection(ProjectConfigurationPlatforms) = postSolution
		{B490E960-8B91-4813-B312-574013F38756}.Debug|Any CPU.ActiveCfg = Debug|Any CPU
		{B490E960-8B91-4813-B312-574013F38756}.Debug|Any CPU.Build.0 = Debug|Any CPU
		{B490E960-8B91-4813-B312-574013F38756}.Release|Any CPU.ActiveCfg = Release|Any CPU
		{B490E960-8B91-4813-B312-574013F38756}.Release|Any CPU.Build.0 = Release|Any CPU
	EndGlobalSection
	GlobalSection(SolutionProperties) = preSolution
		HideSolutionNode = FALSE
	EndGlobalSection
	GlobalSection(ExtensibilityGlobals) = postSolution
		SolutionGuid = {8E4096D3-6D77-4E89-A699-426C5E365D62}
	EndGlobalSection
EndGlobal
