
Microsoft Visual Studio Solution File, Format Version 12.00
# Visual Studio Version 17
VisualStudioVersion = 17.10.35013.160
MinimumVisualStudioVersion = 10.0.40219.1
Project("{FAE04EC0-301F-11D3-BF4B-00C04F79EFBC}") = "WebApplication1", "WebApplication1\WebApplication1.csproj", "{CE251E6C-0116-447E-9B14-8EEEB4D4AB88}"
EndProject
Project("{FAE04EC0-301F-11D3-BF4B-00C04F79EFBC}") = "Models", "Models\Models.csproj", "{50F172A0-3FC0-419E-9C73-CA2AB282396E}"
EndProject
Project("{FAE04EC0-301F-11D3-BF4B-00C04F79EFBC}") = "Data", "Data\Data.csproj", "{097D1FAF-E02D-4302-A793-E68FED0A375A}"
EndProject
Global
	GlobalSection(SolutionConfigurationPlatforms) = preSolution
		Debug|Any CPU = Debug|Any CPU
		Release|Any CPU = Release|Any CPU
	EndGlobalSection
	GlobalSection(ProjectConfigurationPlatforms) = postSolution
		{CE251E6C-0116-447E-9B14-8EEEB4D4AB88}.Debug|Any CPU.ActiveCfg = Debug|Any CPU
		{CE251E6C-0116-447E-9B14-8EEEB4D4AB88}.Debug|Any CPU.Build.0 = Debug|Any CPU
		{CE251E6C-0116-447E-9B14-8EEEB4D4AB88}.Release|Any CPU.ActiveCfg = Release|Any CPU
		{CE251E6C-0116-447E-9B14-8EEEB4D4AB88}.Release|Any CPU.Build.0 = Release|Any CPU
		{50F172A0-3FC0-419E-9C73-CA2AB282396E}.Debug|Any CPU.ActiveCfg = Debug|Any CPU
		{50F172A0-3FC0-419E-9C73-CA2AB282396E}.Debug|Any CPU.Build.0 = Debug|Any CPU
		{50F172A0-3FC0-419E-9C73-CA2AB282396E}.Release|Any CPU.ActiveCfg = Release|Any CPU
		{50F172A0-3FC0-419E-9C73-CA2AB282396E}.Release|Any CPU.Build.0 = Release|Any CPU
		{097D1FAF-E02D-4302-A793-E68FED0A375A}.Debug|Any CPU.ActiveCfg = Debug|Any CPU
		{097D1FAF-E02D-4302-A793-E68FED0A375A}.Debug|Any CPU.Build.0 = Debug|Any CPU
		{097D1FAF-E02D-4302-A793-E68FED0A375A}.Release|Any CPU.ActiveCfg = Release|Any CPU
		{097D1FAF-E02D-4302-A793-E68FED0A375A}.Release|Any CPU.Build.0 = Release|Any CPU
	EndGlobalSection
	GlobalSection(SolutionProperties) = preSolution
		HideSolutionNode = FALSE
	EndGlobalSection
	GlobalSection(ExtensibilityGlobals) = postSolution
		SolutionGuid = {3BD64DC9-C36A-4ABD-A660-134C2754D4EE}
	EndGlobalSection
EndGlobal
