
Microsoft Visual Studio Solution File, Format Version 12.00
# Visual Studio Version 17
VisualStudioVersion = 17.9.34607.119
MinimumVisualStudioVersion = 10.0.40219.1
Project("{FAE04EC0-301F-11D3-BF4B-00C04F79EFBC}") = "P01_StudentSystem", "ConsoleApp1\P01_StudentSystem.csproj", "{4917D8F9-D213-4169-8ACD-C14D342B0F1A}"
EndProject
Global
	GlobalSection(SolutionConfigurationPlatforms) = preSolution
		Debug|Any CPU = Debug|Any CPU
		Release|Any CPU = Release|Any CPU
	EndGlobalSection
	GlobalSection(ProjectConfigurationPlatforms) = postSolution
		{4917D8F9-D213-4169-8ACD-C14D342B0F1A}.Debug|Any CPU.ActiveCfg = Debug|Any CPU
		{4917D8F9-D213-4169-8ACD-C14D342B0F1A}.Debug|Any CPU.Build.0 = Debug|Any CPU
		{4917D8F9-D213-4169-8ACD-C14D342B0F1A}.Release|Any CPU.ActiveCfg = Release|Any CPU
		{4917D8F9-D213-4169-8ACD-C14D342B0F1A}.Release|Any CPU.Build.0 = Release|Any CPU
	EndGlobalSection
	GlobalSection(SolutionProperties) = preSolution
		HideSolutionNode = FALSE
	EndGlobalSection
	GlobalSection(ExtensibilityGlobals) = postSolution
		SolutionGuid = {F37F6C2E-8AC0-471A-BB8E-9B7A827BE4F1}
	EndGlobalSection
EndGlobal
