
Microsoft Visual Studio Solution File, Format Version 12.00
# Visual Studio Version 17
VisualStudioVersion = 17.10.35004.147
MinimumVisualStudioVersion = 10.0.40219.1
Project("{FAE04EC0-301F-11D3-BF4B-00C04F79EFBC}") = "Eticket", "Eticket\Eticket.csproj", "{E75D4E6C-1581-4FAA-9A23-D9D74899782F}"
EndProject
Global
	GlobalSection(SolutionConfigurationPlatforms) = preSolution
		Debug|Any CPU = Debug|Any CPU
		Release|Any CPU = Release|Any CPU
	EndGlobalSection
	GlobalSection(ProjectConfigurationPlatforms) = postSolution
		{E75D4E6C-1581-4FAA-9A23-D9D74899782F}.Debug|Any CPU.ActiveCfg = Debug|Any CPU
		{E75D4E6C-1581-4FAA-9A23-D9D74899782F}.Debug|Any CPU.Build.0 = Debug|Any CPU
		{E75D4E6C-1581-4FAA-9A23-D9D74899782F}.Release|Any CPU.ActiveCfg = Release|Any CPU
		{E75D4E6C-1581-4FAA-9A23-D9D74899782F}.Release|Any CPU.Build.0 = Release|Any CPU
	EndGlobalSection
	GlobalSection(SolutionProperties) = preSolution
		HideSolutionNode = FALSE
	EndGlobalSection
	GlobalSection(ExtensibilityGlobals) = postSolution
		SolutionGuid = {1DB4243C-4131-43C5-AC2B-39606BB713F3}
	EndGlobalSection
EndGlobal
