
Microsoft Visual Studio Solution File, Format Version 12.00
# Visual Studio Version 17
VisualStudioVersion = 17.9.34607.119
MinimumVisualStudioVersion = 10.0.40219.1
Project("{FAE04EC0-301F-11D3-BF4B-00C04F79EFBC}") = "DayOneTaskB", "DayOneTaskB\DayOneTaskB.csproj", "{9DF48393-6670-47C0-84FD-98FB3E29899D}"
EndProject
Global
	GlobalSection(SolutionConfigurationPlatforms) = preSolution
		Debug|Any CPU = Debug|Any CPU
		Release|Any CPU = Release|Any CPU
	EndGlobalSection
	GlobalSection(ProjectConfigurationPlatforms) = postSolution
		{9DF48393-6670-47C0-84FD-98FB3E29899D}.Debug|Any CPU.ActiveCfg = Debug|Any CPU
		{9DF48393-6670-47C0-84FD-98FB3E29899D}.Debug|Any CPU.Build.0 = Debug|Any CPU
		{9DF48393-6670-47C0-84FD-98FB3E29899D}.Release|Any CPU.ActiveCfg = Release|Any CPU
		{9DF48393-6670-47C0-84FD-98FB3E29899D}.Release|Any CPU.Build.0 = Release|Any CPU
	EndGlobalSection
	GlobalSection(SolutionProperties) = preSolution
		HideSolutionNode = FALSE
	EndGlobalSection
	GlobalSection(ExtensibilityGlobals) = postSolution
		SolutionGuid = {814CB560-DEC2-4904-BF92-14830FD26ECF}
	EndGlobalSection
EndGlobal
